
Microsoft Visual Studio Solution File, Format Version 12.00
# Visual Studio 2012
Project("{FAE04EC0-301F-11D3-BF4B-00C04F79EFBC}") = "Ejemplo5", "Ejemplo5\Ejemplo5.csproj", "{7E29E772-9587-45F1-98E3-B6DB5D937BAD}"
EndProject
Project("{F184B08F-C81C-45F6-A57F-5ABD9991F28F}") = "LibreriaVB", "LibreriaVB\LibreriaVB.vbproj", "{FE8C328B-843B-447F-948C-73D9F30D1956}"
EndProject
Global
	GlobalSection(SolutionConfigurationPlatforms) = preSolution
		Debug|Any CPU = Debug|Any CPU
		Release|Any CPU = Release|Any CPU
	EndGlobalSection
	GlobalSection(ProjectConfigurationPlatforms) = postSolution
		{7E29E772-9587-45F1-98E3-B6DB5D937BAD}.Debug|Any CPU.ActiveCfg = Debug|Any CPU
		{7E29E772-9587-45F1-98E3-B6DB5D937BAD}.Debug|Any CPU.Build.0 = Debug|Any CPU
		{7E29E772-9587-45F1-98E3-B6DB5D937BAD}.Release|Any CPU.ActiveCfg = Release|Any CPU
		{7E29E772-9587-45F1-98E3-B6DB5D937BAD}.Release|Any CPU.Build.0 = Release|Any CPU
		{FE8C328B-843B-447F-948C-73D9F30D1956}.Debug|Any CPU.ActiveCfg = Debug|Any CPU
		{FE8C328B-843B-447F-948C-73D9F30D1956}.Debug|Any CPU.Build.0 = Debug|Any CPU
		{FE8C328B-843B-447F-948C-73D9F30D1956}.Release|Any CPU.ActiveCfg = Release|Any CPU
		{FE8C328B-843B-447F-948C-73D9F30D1956}.Release|Any CPU.Build.0 = Release|Any CPU
	EndGlobalSection
	GlobalSection(SolutionProperties) = preSolution
		HideSolutionNode = FALSE
	EndGlobalSection
EndGlobal
